
Microsoft Visual Studio Solution File, Format Version 12.00
# Visual Studio Version 17
VisualStudioVersion = 17.1.32328.378
MinimumVisualStudioVersion = 10.0.40219.1
Project("{9A19103F-16F7-4668-BE54-9A1E7A4F7556}") = "FTP_Client", "FTP_Client.csproj", "{33F0D55F-5313-4C09-B37F-5C45919F4CC9}"
EndProject
Global
	GlobalSection(SolutionConfigurationPlatforms) = preSolution
		Debug|Any CPU = Debug|Any CPU
		Release|Any CPU = Release|Any CPU
	EndGlobalSection
	GlobalSection(ProjectConfigurationPlatforms) = postSolution
		{33F0D55F-5313-4C09-B37F-5C45919F4CC9}.Debug|Any CPU.ActiveCfg = Debug|Any CPU
		{33F0D55F-5313-4C09-B37F-5C45919F4CC9}.Debug|Any CPU.Build.0 = Debug|Any CPU
		{33F0D55F-5313-4C09-B37F-5C45919F4CC9}.Release|Any CPU.ActiveCfg = Release|Any CPU
		{33F0D55F-5313-4C09-B37F-5C45919F4CC9}.Release|Any CPU.Build.0 = Release|Any CPU
	EndGlobalSection
	GlobalSection(SolutionProperties) = preSolution
		HideSolutionNode = FALSE
	EndGlobalSection
	GlobalSection(ExtensibilityGlobals) = postSolution
		SolutionGuid = {0B1157A4-DE38-4D93-80D3-7AB40ED9D7D4}
	EndGlobalSection
EndGlobal
